
Microsoft Visual Studio Solution File, Format Version 12.00
# Visual Studio Version 17
VisualStudioVersion = 17.7.34221.43
MinimumVisualStudioVersion = 10.0.40219.1
Project("{FAE04EC0-301F-11D3-BF4B-00C04F79EFBC}") = "Test-API-Func", "Test-API\Test-API-Func.csproj", "{B65956BC-878E-4999-B59F-494C61341F0C}"
EndProject
Project("{FAE04EC0-301F-11D3-BF4B-00C04F79EFBC}") = "Test-API-Func.Services", "Test-API-Func.Services\Test-API-Func.Services.csproj", "{BD591D2B-EA18-459B-88B9-EC63607D8CC3}"
EndProject
Project("{FAE04EC0-301F-11D3-BF4B-00C04F79EFBC}") = "Test-API-Func.Common", "Test-API-Func.Common\Test-API-Func.Common.csproj", "{156919E8-16B4-4491-992A-EAD12A662551}"
EndProject
Project("{FAE04EC0-301F-11D3-BF4B-00C04F79EFBC}") = "Test-API-Func.Services.UnitTests", "Test-API-Func.Service.UnitTests\Test-API-Func.Services.UnitTests.csproj", "{E881B79D-A4F4-4A5D-BE68-080E3880654E}"
EndProject
Global
	GlobalSection(SolutionConfigurationPlatforms) = preSolution
		Debug|Any CPU = Debug|Any CPU
		Release|Any CPU = Release|Any CPU
	EndGlobalSection
	GlobalSection(ProjectConfigurationPlatforms) = postSolution
		{B65956BC-878E-4999-B59F-494C61341F0C}.Debug|Any CPU.ActiveCfg = Debug|Any CPU
		{B65956BC-878E-4999-B59F-494C61341F0C}.Debug|Any CPU.Build.0 = Debug|Any CPU
		{B65956BC-878E-4999-B59F-494C61341F0C}.Release|Any CPU.ActiveCfg = Release|Any CPU
		{B65956BC-878E-4999-B59F-494C61341F0C}.Release|Any CPU.Build.0 = Release|Any CPU
		{BD591D2B-EA18-459B-88B9-EC63607D8CC3}.Debug|Any CPU.ActiveCfg = Debug|Any CPU
		{BD591D2B-EA18-459B-88B9-EC63607D8CC3}.Debug|Any CPU.Build.0 = Debug|Any CPU
		{BD591D2B-EA18-459B-88B9-EC63607D8CC3}.Release|Any CPU.ActiveCfg = Release|Any CPU
		{BD591D2B-EA18-459B-88B9-EC63607D8CC3}.Release|Any CPU.Build.0 = Release|Any CPU
		{156919E8-16B4-4491-992A-EAD12A662551}.Debug|Any CPU.ActiveCfg = Debug|Any CPU
		{156919E8-16B4-4491-992A-EAD12A662551}.Debug|Any CPU.Build.0 = Debug|Any CPU
		{156919E8-16B4-4491-992A-EAD12A662551}.Release|Any CPU.ActiveCfg = Release|Any CPU
		{156919E8-16B4-4491-992A-EAD12A662551}.Release|Any CPU.Build.0 = Release|Any CPU
		{E881B79D-A4F4-4A5D-BE68-080E3880654E}.Debug|Any CPU.ActiveCfg = Debug|Any CPU
		{E881B79D-A4F4-4A5D-BE68-080E3880654E}.Debug|Any CPU.Build.0 = Debug|Any CPU
		{E881B79D-A4F4-4A5D-BE68-080E3880654E}.Release|Any CPU.ActiveCfg = Release|Any CPU
		{E881B79D-A4F4-4A5D-BE68-080E3880654E}.Release|Any CPU.Build.0 = Release|Any CPU
	EndGlobalSection
	GlobalSection(SolutionProperties) = preSolution
		HideSolutionNode = FALSE
	EndGlobalSection
	GlobalSection(ExtensibilityGlobals) = postSolution
		SolutionGuid = {35DB7B50-6692-4AED-82A0-F03C2DB39A25}
	EndGlobalSection
EndGlobal
